
Microsoft Visual Studio Solution File, Format Version 12.00
# Visual Studio Version 16
VisualStudioVersion = 16.0.32228.343
MinimumVisualStudioVersion = 10.0.40219.1
Project("{FAE04EC0-301F-11D3-BF4B-00C04F79EFBC}") = "ProjectManager", "ProjectManager\ProjectManager.csproj", "{FCCAB8A5-EFA6-4B11-AAB8-A3126CC87342}"
EndProject
Global
	GlobalSection(SolutionConfigurationPlatforms) = preSolution
		Debug|Any CPU = Debug|Any CPU
		Release|Any CPU = Release|Any CPU
	EndGlobalSection
	GlobalSection(ProjectConfigurationPlatforms) = postSolution
		{FCCAB8A5-EFA6-4B11-AAB8-A3126CC87342}.Debug|Any CPU.ActiveCfg = Debug|Any CPU
		{FCCAB8A5-EFA6-4B11-AAB8-A3126CC87342}.Debug|Any CPU.Build.0 = Debug|Any CPU
		{FCCAB8A5-EFA6-4B11-AAB8-A3126CC87342}.Release|Any CPU.ActiveCfg = Release|Any CPU
		{FCCAB8A5-EFA6-4B11-AAB8-A3126CC87342}.Release|Any CPU.Build.0 = Release|Any CPU
	EndGlobalSection
	GlobalSection(SolutionProperties) = preSolution
		HideSolutionNode = FALSE
	EndGlobalSection
	GlobalSection(ExtensibilityGlobals) = postSolution
		SolutionGuid = {CD4F08EC-FBF5-42A3-BB6B-70FCB0FDCBC6}
	EndGlobalSection
EndGlobal
